
Microsoft Visual Studio Solution File, Format Version 12.00
# Visual Studio Version 16
VisualStudioVersion = 16.0.29123.88
MinimumVisualStudioVersion = 10.0.40219.1
Project("{151D2E53-A2C4-4D7D-83FE-D05416EBD58E}") = "DeployADDomainIaaS_azure", "DeployADDomainIaaS_azure\DeployADDomainIaaS_azure.deployproj", "{5C3D9FC0-251D-4378-BDCF-E32FB66BC583}"
EndProject
Global
	GlobalSection(SolutionConfigurationPlatforms) = preSolution
		Debug|Any CPU = Debug|Any CPU
		Release|Any CPU = Release|Any CPU
	EndGlobalSection
	GlobalSection(ProjectConfigurationPlatforms) = postSolution
		{5C3D9FC0-251D-4378-BDCF-E32FB66BC583}.Debug|Any CPU.ActiveCfg = Debug|Any CPU
		{5C3D9FC0-251D-4378-BDCF-E32FB66BC583}.Debug|Any CPU.Build.0 = Debug|Any CPU
		{5C3D9FC0-251D-4378-BDCF-E32FB66BC583}.Release|Any CPU.ActiveCfg = Release|Any CPU
		{5C3D9FC0-251D-4378-BDCF-E32FB66BC583}.Release|Any CPU.Build.0 = Release|Any CPU
	EndGlobalSection
	GlobalSection(SolutionProperties) = preSolution
		HideSolutionNode = FALSE
	EndGlobalSection
	GlobalSection(ExtensibilityGlobals) = postSolution
		SolutionGuid = {FC113A50-1FE1-4598-81B9-A9103028A67E}
	EndGlobalSection
EndGlobal
